
Microsoft Visual Studio Solution File, Format Version 12.00
# Visual Studio Version 17
VisualStudioVersion = 17.6.33723.286
MinimumVisualStudioVersion = 10.0.40219.1
Project("{FAE04EC0-301F-11D3-BF4B-00C04F79EFBC}") = "Rm_Assignment_3", "Rm_Assignment_3.csproj", "{31DEBF98-77E8-4227-A061-782E5BE305B9}"
EndProject
Global
	GlobalSection(SolutionConfigurationPlatforms) = preSolution
		Debug|Any CPU = Debug|Any CPU
		Release|Any CPU = Release|Any CPU
	EndGlobalSection
	GlobalSection(ProjectConfigurationPlatforms) = postSolution
		{31DEBF98-77E8-4227-A061-782E5BE305B9}.Debug|Any CPU.ActiveCfg = Debug|Any CPU
		{31DEBF98-77E8-4227-A061-782E5BE305B9}.Debug|Any CPU.Build.0 = Debug|Any CPU
		{31DEBF98-77E8-4227-A061-782E5BE305B9}.Release|Any CPU.ActiveCfg = Release|Any CPU
		{31DEBF98-77E8-4227-A061-782E5BE305B9}.Release|Any CPU.Build.0 = Release|Any CPU
	EndGlobalSection
	GlobalSection(SolutionProperties) = preSolution
		HideSolutionNode = FALSE
	EndGlobalSection
	GlobalSection(ExtensibilityGlobals) = postSolution
		SolutionGuid = {717085F4-F83E-410B-ADA0-7F8BDC88F2F2}
	EndGlobalSection
EndGlobal
